<?xml version="1.0" encoding="utf-8"?>
<Project ToolsVersion="4.0" xmlns="http://schemas.microsoft.com/developer/msbuild/2003">
  <ItemGroup>
    <Filter Include="Source Files">
      <UniqueIdentifier>{4FC737F1-C7A5-4376-A066-2A32D752A2FF}</UniqueIdentifier>
      <Extensions>cpp;c;cc;cxx;def;odl;idl;hpj;bat;asm;asmx</Extensions>
    </Filter>
    <Filter Include="Header Files">
      <UniqueIdentifier>{93995380-89BD-4b04-88EB-625FBE52EBFB}</UniqueIdentifier>
      <Extensions>h;hh;hpp;hxx;hm;inl;inc;xsd</Extensions>
    </Filter>
    <Filter Include="Resource Files">
      <UniqueIdentifier>{67DA6AB6-F800-4c08-8B7A-83BB121AAD01}</UniqueIdentifier>
      <Extensions>rc;ico;cur;bmp;dlg;rc2;rct;bin;rgs;gif;jpg;jpeg;jpe;resx;tiff;tif;png;wav;mfcribbon-ms</Extensions>
    </Filter>
    <Filter Include="docs">
      <UniqueIdentifier>{8250d0e7-0d7c-4b56-9bb4-654de2ec467c}</UniqueIdentifier>
    </Filter>
  </ItemGroup>
  <ItemGroup>
    <ClCompile Include="MyForm.cpp">
      <Filter>Source Files</Filter>
    </ClCompile>
    <ClCompile Include="ListForm.cpp">
      <Filter>Source Files</Filter>
    </ClCompile>
    <ClCompile Include="AddUserWindowForm.cpp">
      <Filter>Source Files</Filter>
    </ClCompile>
    <ClCompile Include="AddDepartmentForm.cpp">
      <Filter>Source Files</Filter>
    </ClCompile>
    <ClCompile Include="DeleteItemForm.cpp">
      <Filter>Source Files</Filter>
    </ClCompile>
    <ClCompile Include="loginWindowForm.cpp">
      <Filter>Source Files</Filter>
    </ClCompile>
    <ClCompile Include="EditSingleMachineForm.cpp">
      <Filter>Source Files</Filter>
    </ClCompile>
    <ClCompile Include="AddNewMachineWindow.cpp">
      <Filter>Source Files</Filter>
    </ClCompile>
    <ClCompile Include="uniFuncs.cpp">
      <Filter>Source Files</Filter>
    </ClCompile>
    <ClCompile Include="SendMessageForm.cpp">
      <Filter>Source Files</Filter>
    </ClCompile>
    <ClCompile Include="ViewMessageForm.cpp">
      <Filter>Source Files</Filter>
    </ClCompile>
    <ClCompile Include="MessagingForm.cpp">
      <Filter>Source Files</Filter>
    </ClCompile>
    <ClCompile Include="SettingsForm.cpp">
      <Filter>Source Files</Filter>
    </ClCompile>
  </ItemGroup>
  <ItemGroup>
    <ClInclude Include="MainForm.h">
      <Filter>Header Files</Filter>
    </ClInclude>
    <ClInclude Include="ListForm.h">
      <Filter>Header Files</Filter>
    </ClInclude>
    <ClInclude Include="resource.h">
      <Filter>Header Files</Filter>
    </ClInclude>
    <ClInclude Include="AddUserWindowForm.h">
      <Filter>Header Files</Filter>
    </ClInclude>
    <ClInclude Include="AddDepartmentForm.h">
      <Filter>Header Files</Filter>
    </ClInclude>
    <ClInclude Include="DeleteItemForm.h">
      <Filter>Header Files</Filter>
    </ClInclude>
    <ClInclude Include="loginWindowForm.h">
      <Filter>Header Files</Filter>
    </ClInclude>
    <ClInclude Include="EditSingleMachineForm.h">
      <Filter>Header Files</Filter>
    </ClInclude>
    <ClInclude Include="AddNewMachineWindow.h">
      <Filter>Header Files</Filter>
    </ClInclude>
    <ClInclude Include="uniFuncs.h">
      <Filter>Header Files</Filter>
    </ClInclude>
    <ClInclude Include="SendMessageForm.h">
      <Filter>Header Files</Filter>
    </ClInclude>
    <ClInclude Include="ViewMessageForm.h">
      <Filter>Header Files</Filter>
    </ClInclude>
    <ClInclude Include="MessagingForm.h">
      <Filter>Header Files</Filter>
    </ClInclude>
    <ClInclude Include="SettingsForm.h">
      <Filter>Header Files</Filter>
    </ClInclude>
  </ItemGroup>
  <ItemGroup>
    <EmbeddedResource Include="MainForm.resx">
      <Filter>Resource Files</Filter>
    </EmbeddedResource>
    <EmbeddedResource Include="ListForm.resx">
      <Filter>Resource Files</Filter>
    </EmbeddedResource>
    <EmbeddedResource Include="AddUserWindowForm.resx">
      <Filter>Resource Files</Filter>
    </EmbeddedResource>
    <EmbeddedResource Include="AddDepartmentForm.resx">
      <Filter>Resource Files</Filter>
    </EmbeddedResource>
    <EmbeddedResource Include="DeleteItemForm.resx">
      <Filter>Resource Files</Filter>
    </EmbeddedResource>
    <EmbeddedResource Include="loginWindowForm.resx">
      <Filter>Resource Files</Filter>
    </EmbeddedResource>
    <EmbeddedResource Include="EditSingleMachineForm.resx">
      <Filter>Resource Files</Filter>
    </EmbeddedResource>
    <EmbeddedResource Include="AddNewMachineWindow.resx">
      <Filter>Resource Files</Filter>
    </EmbeddedResource>
    <EmbeddedResource Include="SendMessageForm.resx">
      <Filter>Resource Files</Filter>
    </EmbeddedResource>
    <EmbeddedResource Include="MessagingForm.resx">
      <Filter>Resource Files</Filter>
    </EmbeddedResource>
    <EmbeddedResource Include="ViewMessageForm.resx">
      <Filter>Resource Files</Filter>
    </EmbeddedResource>
    <EmbeddedResource Include="SettingsForm.resx">
      <Filter>Resource Files</Filter>
    </EmbeddedResource>
  </ItemGroup>
  <ItemGroup>
    <ResourceCompile Include="Resource.rc">
      <Filter>Resource Files</Filter>
    </ResourceCompile>
  </ItemGroup>
  <ItemGroup>
    <Image Include="icon1.ico">
      <Filter>Resource Files</Filter>
    </Image>
  </ItemGroup>
  <ItemGroup>
    <Xml Include="docs\MySqlTransaction.xml">
      <Filter>docs</Filter>
    </Xml>
    <Xml Include="docs\MySqlParameterCollection.xml">
      <Filter>docs</Filter>
    </Xml>
    <Xml Include="docs\MySqlParameter.xml">
      <Filter>docs</Filter>
    </Xml>
    <Xml Include="docs\MySqlHelper.xml">
      <Filter>docs</Filter>
    </Xml>
    <Xml Include="docs\MySqlException.xml">
      <Filter>docs</Filter>
    </Xml>
    <Xml Include="docs\MySqlDataReader.xml">
      <Filter>docs</Filter>
    </Xml>
    <Xml Include="docs\MySqlDataAdapter.xml">
      <Filter>docs</Filter>
    </Xml>
    <Xml Include="docs\MySqlConnectionStringBuilder.xml">
      <Filter>docs</Filter>
    </Xml>
    <Xml Include="docs\MySqlConnection.xml">
      <Filter>docs</Filter>
    </Xml>
    <Xml Include="docs\MySqlCommandBuilder.xml">
      <Filter>docs</Filter>
    </Xml>
    <Xml Include="docs\MySqlCommand.xml">
      <Filter>docs</Filter>
    </Xml>
  </ItemGroup>
  <ItemGroup>
    <None Include="app.config" />
    <None Include="packages.config" />
  </ItemGroup>
</Project>